# This file is automatically @generated by Cargo.
# It is not intended for manual editing.
version = 4

[[package]]
name = "quick"
version = "0.1.0"
dependencies = [
 "quick_html",
 "quick_layout",
 "quick_paint",
 "quick_style",
]

[[package]]
name = "quick_html"
version = "0.1.0"
dependencies = [
 "unicase",
]

[[package]]
name = "quick_layout"
version = "0.1.0"

[[package]]
name = "quick_paint"
version = "0.1.0"

[[package]]
name = "quick_style"
version = "0.1.0"

[[package]]
name = "unicase"
version = "2.8.1"
source = "registry+https://github.com/rust-lang/crates.io-index"
checksum = "75b844d17643ee918803943289730bec8aac480150456169e647ed0b576ba539"
